
Microsoft Visual Studio Solution File, Format Version 12.00
# Visual Studio Version 17
VisualStudioVersion = 17.4.33103.184
MinimumVisualStudioVersion = 10.0.40219.1
Project("{9A19103F-16F7-4668-BE54-9A1E7A4F7556}") = "LincolnAPI", "LincolnAPI\LincolnAPI.csproj", "{FEB04B06-BA84-4FEC-B7C9-6F54D1D8808E}"
EndProject
Project("{9A19103F-16F7-4668-BE54-9A1E7A4F7556}") = "BeamerBlazor", "BeamerBlazor\BeamerBlazor.csproj", "{B96AF3D3-4E8D-4224-B2BB-29A55C32B603}"
EndProject
Project("{E53339B2-1760-4266-BCC7-CA923CBCF16C}") = "docker-compose", "docker-compose.dcproj", "{C3EB5713-02FE-4A45-8C29-E5765FDDAD48}"
EndProject
Project("{FAE04EC0-301F-11D3-BF4B-00C04F79EFBC}") = "PIMTests", "..\PIMTests\PIMTests.csproj", "{5F99899E-E6CB-497D-8E29-069F5617ACFE}"
EndProject
Global
	GlobalSection(SolutionConfigurationPlatforms) = preSolution
		Debug|Any CPU = Debug|Any CPU
		Release|Any CPU = Release|Any CPU
	EndGlobalSection
	GlobalSection(ProjectConfigurationPlatforms) = postSolution
		{FEB04B06-BA84-4FEC-B7C9-6F54D1D8808E}.Debug|Any CPU.ActiveCfg = Debug|Any CPU
		{FEB04B06-BA84-4FEC-B7C9-6F54D1D8808E}.Debug|Any CPU.Build.0 = Debug|Any CPU
		{FEB04B06-BA84-4FEC-B7C9-6F54D1D8808E}.Release|Any CPU.ActiveCfg = Release|Any CPU
		{FEB04B06-BA84-4FEC-B7C9-6F54D1D8808E}.Release|Any CPU.Build.0 = Release|Any CPU
		{B96AF3D3-4E8D-4224-B2BB-29A55C32B603}.Debug|Any CPU.ActiveCfg = Debug|Any CPU
		{B96AF3D3-4E8D-4224-B2BB-29A55C32B603}.Debug|Any CPU.Build.0 = Debug|Any CPU
		{B96AF3D3-4E8D-4224-B2BB-29A55C32B603}.Release|Any CPU.ActiveCfg = Release|Any CPU
		{B96AF3D3-4E8D-4224-B2BB-29A55C32B603}.Release|Any CPU.Build.0 = Release|Any CPU
		{C3EB5713-02FE-4A45-8C29-E5765FDDAD48}.Debug|Any CPU.ActiveCfg = Debug|Any CPU
		{C3EB5713-02FE-4A45-8C29-E5765FDDAD48}.Debug|Any CPU.Build.0 = Debug|Any CPU
		{C3EB5713-02FE-4A45-8C29-E5765FDDAD48}.Release|Any CPU.ActiveCfg = Release|Any CPU
		{C3EB5713-02FE-4A45-8C29-E5765FDDAD48}.Release|Any CPU.Build.0 = Release|Any CPU
		{5F99899E-E6CB-497D-8E29-069F5617ACFE}.Debug|Any CPU.ActiveCfg = Debug|Any CPU
		{5F99899E-E6CB-497D-8E29-069F5617ACFE}.Debug|Any CPU.Build.0 = Debug|Any CPU
		{5F99899E-E6CB-497D-8E29-069F5617ACFE}.Release|Any CPU.ActiveCfg = Release|Any CPU
		{5F99899E-E6CB-497D-8E29-069F5617ACFE}.Release|Any CPU.Build.0 = Release|Any CPU
	EndGlobalSection
	GlobalSection(SolutionProperties) = preSolution
		HideSolutionNode = FALSE
	EndGlobalSection
	GlobalSection(ExtensibilityGlobals) = postSolution
		SolutionGuid = {6995293C-501D-47C2-9C01-15F1FF53E3EB}
	EndGlobalSection
EndGlobal
